
Microsoft Visual Studio Solution File, Format Version 12.00
# Visual Studio 14
VisualStudioVersion = 14.0.25420.1
MinimumVisualStudioVersion = 10.0.40219.1
Project("{FAE04EC0-301F-11D3-BF4B-00C04F79EFBC}") = "LanguageFeaturesCS", "LanguageFeaturesCS\LanguageFeaturesCS.csproj", "{A1B48CF7-BF14-4652-B1DF-CE4D6BD26937}"
EndProject
Project("{2150E333-8FDC-42A3-9474-1A3956D46DE8}") = ".nuget", ".nuget", "{B7234628-45A8-41EF-A704-2592BE93A5D6}"
	ProjectSection(SolutionItems) = preProject
		.nuget\packages.config = .nuget\packages.config
	EndProjectSection
EndProject
Project("{F184B08F-C81C-45F6-A57F-5ABD9991F28F}") = "ConsoleApplicationVB", "ConsoleApplicationVB\ConsoleApplicationVB.vbproj", "{14BC9D00-2C3F-45CA-9313-3DB896633523}"
EndProject
Project("{FAE04EC0-301F-11D3-BF4B-00C04F79EFBC}") = "ControllerDiagnostics", "ControllerDiagnostics\ControllerDiagnostics\ControllerDiagnostics.csproj", "{65A6B2D3-CD03-4BBE-8027-3A2EF9725F8F}"
EndProject
Project("{FAE04EC0-301F-11D3-BF4B-00C04F79EFBC}") = "ControllerDiagnostics.Test", "ControllerDiagnostics\ControllerDiagnostics.Test\ControllerDiagnostics.Test.csproj", "{7D3657EB-2CEE-48A3-9C1A-6E997F7BCC82}"
EndProject
Project("{FAE04EC0-301F-11D3-BF4B-00C04F79EFBC}") = "ControllerDiagnostics.Vsix", "ControllerDiagnostics\ControllerDiagnostics.Vsix\ControllerDiagnostics.Vsix.csproj", "{627ED623-903C-4083-8EDC-EA1AF7B31F0F}"
EndProject
Project("{FAE04EC0-301F-11D3-BF4B-00C04F79EFBC}") = "CodeCrackerSamples", "CodeCrackerSamples\CodeCrackerSamples.csproj", "{A1F5938B-A47E-4B8C-8325-A752F2828384}"
EndProject
Global
	GlobalSection(SolutionConfigurationPlatforms) = preSolution
		Debug|Any CPU = Debug|Any CPU
		Release|Any CPU = Release|Any CPU
	EndGlobalSection
	GlobalSection(ProjectConfigurationPlatforms) = postSolution
		{A1B48CF7-BF14-4652-B1DF-CE4D6BD26937}.Debug|Any CPU.ActiveCfg = Debug|Any CPU
		{A1B48CF7-BF14-4652-B1DF-CE4D6BD26937}.Debug|Any CPU.Build.0 = Debug|Any CPU
		{A1B48CF7-BF14-4652-B1DF-CE4D6BD26937}.Release|Any CPU.ActiveCfg = Release|Any CPU
		{A1B48CF7-BF14-4652-B1DF-CE4D6BD26937}.Release|Any CPU.Build.0 = Release|Any CPU
		{14BC9D00-2C3F-45CA-9313-3DB896633523}.Debug|Any CPU.ActiveCfg = Debug|Any CPU
		{14BC9D00-2C3F-45CA-9313-3DB896633523}.Debug|Any CPU.Build.0 = Debug|Any CPU
		{14BC9D00-2C3F-45CA-9313-3DB896633523}.Release|Any CPU.ActiveCfg = Release|Any CPU
		{14BC9D00-2C3F-45CA-9313-3DB896633523}.Release|Any CPU.Build.0 = Release|Any CPU
		{65A6B2D3-CD03-4BBE-8027-3A2EF9725F8F}.Debug|Any CPU.ActiveCfg = Debug|Any CPU
		{65A6B2D3-CD03-4BBE-8027-3A2EF9725F8F}.Debug|Any CPU.Build.0 = Debug|Any CPU
		{65A6B2D3-CD03-4BBE-8027-3A2EF9725F8F}.Release|Any CPU.ActiveCfg = Release|Any CPU
		{65A6B2D3-CD03-4BBE-8027-3A2EF9725F8F}.Release|Any CPU.Build.0 = Release|Any CPU
		{7D3657EB-2CEE-48A3-9C1A-6E997F7BCC82}.Debug|Any CPU.ActiveCfg = Debug|Any CPU
		{7D3657EB-2CEE-48A3-9C1A-6E997F7BCC82}.Debug|Any CPU.Build.0 = Debug|Any CPU
		{7D3657EB-2CEE-48A3-9C1A-6E997F7BCC82}.Release|Any CPU.ActiveCfg = Release|Any CPU
		{7D3657EB-2CEE-48A3-9C1A-6E997F7BCC82}.Release|Any CPU.Build.0 = Release|Any CPU
		{627ED623-903C-4083-8EDC-EA1AF7B31F0F}.Debug|Any CPU.ActiveCfg = Debug|Any CPU
		{627ED623-903C-4083-8EDC-EA1AF7B31F0F}.Debug|Any CPU.Build.0 = Debug|Any CPU
		{627ED623-903C-4083-8EDC-EA1AF7B31F0F}.Release|Any CPU.ActiveCfg = Release|Any CPU
		{627ED623-903C-4083-8EDC-EA1AF7B31F0F}.Release|Any CPU.Build.0 = Release|Any CPU
		{A1F5938B-A47E-4B8C-8325-A752F2828384}.Debug|Any CPU.ActiveCfg = Debug|Any CPU
		{A1F5938B-A47E-4B8C-8325-A752F2828384}.Debug|Any CPU.Build.0 = Debug|Any CPU
		{A1F5938B-A47E-4B8C-8325-A752F2828384}.Release|Any CPU.ActiveCfg = Release|Any CPU
		{A1F5938B-A47E-4B8C-8325-A752F2828384}.Release|Any CPU.Build.0 = Release|Any CPU
	EndGlobalSection
	GlobalSection(SolutionProperties) = preSolution
		HideSolutionNode = FALSE
	EndGlobalSection
EndGlobal
